
Microsoft Visual Studio Solution File, Format Version 12.00
# Visual Studio Version 17
VisualStudioVersion = 17.6.33815.320
MinimumVisualStudioVersion = 10.0.40219.1
Project("{2150E333-8FDC-42A3-9474-1A3956D46DE8}") = "WebUI", "WebUI", "{092BDB30-166C-46AC-BA14-D311CFD88452}"
EndProject
Project("{9A19103F-16F7-4668-BE54-9A1E7A4F7556}") = "BlogSitesi.UI", "BlogSitesi.UI\BlogSitesi.UI.csproj", "{298BF86C-9C5D-42AA-B38F-404699B7090E}"
EndProject
Project("{9A19103F-16F7-4668-BE54-9A1E7A4F7556}") = "BlogSitesi.Model", "BlogSitesi.Model\BlogSitesi.Model.csproj", "{F8541046-5CB7-4463-ACAB-B5AC6506E48E}"
EndProject
Project("{9A19103F-16F7-4668-BE54-9A1E7A4F7556}") = "BlogSitesi.Data", "BlogSitesi.Data\BlogSitesi.Data.csproj", "{45068F8C-49E1-4BB2-A200-17AB67965956}"
EndProject
Project("{9A19103F-16F7-4668-BE54-9A1E7A4F7556}") = "BlogSitesi.WebUI.Infrastructure", "BlogSitesi.WebUI.Infrastructure\BlogSitesi.WebUI.Infrastructure.csproj", "{7EEE13F4-C5DA-496C-AADF-3688E724DF09}"
EndProject
Project("{FAE04EC0-301F-11D3-BF4B-00C04F79EFBC}") = "BlogSitesi.UI.Management", "BlogSitesi.UI.Management\BlogSitesi.UI.Management.csproj", "{4C8CB9AF-3C73-4C30-837F-A8863B16DFB0}"
EndProject
Global
	GlobalSection(SolutionConfigurationPlatforms) = preSolution
		Debug|Any CPU = Debug|Any CPU
		Release|Any CPU = Release|Any CPU
	EndGlobalSection
	GlobalSection(ProjectConfigurationPlatforms) = postSolution
		{298BF86C-9C5D-42AA-B38F-404699B7090E}.Debug|Any CPU.ActiveCfg = Debug|Any CPU
		{298BF86C-9C5D-42AA-B38F-404699B7090E}.Debug|Any CPU.Build.0 = Debug|Any CPU
		{298BF86C-9C5D-42AA-B38F-404699B7090E}.Release|Any CPU.ActiveCfg = Release|Any CPU
		{298BF86C-9C5D-42AA-B38F-404699B7090E}.Release|Any CPU.Build.0 = Release|Any CPU
		{F8541046-5CB7-4463-ACAB-B5AC6506E48E}.Debug|Any CPU.ActiveCfg = Debug|Any CPU
		{F8541046-5CB7-4463-ACAB-B5AC6506E48E}.Debug|Any CPU.Build.0 = Debug|Any CPU
		{F8541046-5CB7-4463-ACAB-B5AC6506E48E}.Release|Any CPU.ActiveCfg = Release|Any CPU
		{F8541046-5CB7-4463-ACAB-B5AC6506E48E}.Release|Any CPU.Build.0 = Release|Any CPU
		{45068F8C-49E1-4BB2-A200-17AB67965956}.Debug|Any CPU.ActiveCfg = Debug|Any CPU
		{45068F8C-49E1-4BB2-A200-17AB67965956}.Debug|Any CPU.Build.0 = Debug|Any CPU
		{45068F8C-49E1-4BB2-A200-17AB67965956}.Release|Any CPU.ActiveCfg = Release|Any CPU
		{45068F8C-49E1-4BB2-A200-17AB67965956}.Release|Any CPU.Build.0 = Release|Any CPU
		{7EEE13F4-C5DA-496C-AADF-3688E724DF09}.Debug|Any CPU.ActiveCfg = Debug|Any CPU
		{7EEE13F4-C5DA-496C-AADF-3688E724DF09}.Debug|Any CPU.Build.0 = Debug|Any CPU
		{7EEE13F4-C5DA-496C-AADF-3688E724DF09}.Release|Any CPU.ActiveCfg = Release|Any CPU
		{7EEE13F4-C5DA-496C-AADF-3688E724DF09}.Release|Any CPU.Build.0 = Release|Any CPU
		{4C8CB9AF-3C73-4C30-837F-A8863B16DFB0}.Debug|Any CPU.ActiveCfg = Debug|Any CPU
		{4C8CB9AF-3C73-4C30-837F-A8863B16DFB0}.Debug|Any CPU.Build.0 = Debug|Any CPU
		{4C8CB9AF-3C73-4C30-837F-A8863B16DFB0}.Release|Any CPU.ActiveCfg = Release|Any CPU
		{4C8CB9AF-3C73-4C30-837F-A8863B16DFB0}.Release|Any CPU.Build.0 = Release|Any CPU
	EndGlobalSection
	GlobalSection(SolutionProperties) = preSolution
		HideSolutionNode = FALSE
	EndGlobalSection
	GlobalSection(NestedProjects) = preSolution
		{298BF86C-9C5D-42AA-B38F-404699B7090E} = {092BDB30-166C-46AC-BA14-D311CFD88452}
		{7EEE13F4-C5DA-496C-AADF-3688E724DF09} = {092BDB30-166C-46AC-BA14-D311CFD88452}
		{4C8CB9AF-3C73-4C30-837F-A8863B16DFB0} = {092BDB30-166C-46AC-BA14-D311CFD88452}
	EndGlobalSection
	GlobalSection(ExtensibilityGlobals) = postSolution
		SolutionGuid = {19546363-31E0-4576-B591-27C41CDAFFC5}
	EndGlobalSection
EndGlobal
